{
  "originHash" : "2dcc0a674b07716db2cd24190eb71141d64f55417b9849c131489915bddf0ae6",
  "pins" : [
    {
      "identity" : "antlr4",
      "kind" : "remoteSourceControl",
      "location" : "https://github.com/antlr/antlr4",
      "state" : {
        "revision" : "cc82115a4e7f53d71d9d905caa2c2dfa4da58899",
        "version" : "4.13.2"
      }
    }
  ],
  "version" : 3
}
